
Microsoft Visual Studio Solution File, Format Version 12.00
# Visual Studio 15
VisualStudioVersion = 15.0.26124.0
MinimumVisualStudioVersion = 15.0.26124.0
Project("{FAE04EC0-301F-11D3-BF4B-00C04F79EFBC}") = "API", "API\API.csproj", "{A2F71F87-E1A9-4A47-9A6F-AE00CE805BFE}"
EndProject
Project("{FAE04EC0-301F-11D3-BF4B-00C04F79EFBC}") = "Application", "Application\Application.csproj", "{D5E688D1-D5D5-4A17-BD5B-7E6FDAD3BC6D}"
EndProject
Project("{FAE04EC0-301F-11D3-BF4B-00C04F79EFBC}") = "Persistence", "Persistence\Persistence.csproj", "{D2C37092-59B7-4A5C-A6D8-A4C4A5CAC1F0}"
EndProject
Project("{FAE04EC0-301F-11D3-BF4B-00C04F79EFBC}") = "Domain", "Domain\Domain.csproj", "{A7BCD1F2-180F-4188-940B-6BE525AB5607}"
EndProject
Global
	GlobalSection(SolutionConfigurationPlatforms) = preSolution
		Debug|Any CPU = Debug|Any CPU
		Debug|x64 = Debug|x64
		Debug|x86 = Debug|x86
		Release|Any CPU = Release|Any CPU
		Release|x64 = Release|x64
		Release|x86 = Release|x86
	EndGlobalSection
	GlobalSection(SolutionProperties) = preSolution
		HideSolutionNode = FALSE
	EndGlobalSection
	GlobalSection(ProjectConfigurationPlatforms) = postSolution
		{A2F71F87-E1A9-4A47-9A6F-AE00CE805BFE}.Debug|Any CPU.ActiveCfg = Debug|Any CPU
		{A2F71F87-E1A9-4A47-9A6F-AE00CE805BFE}.Debug|Any CPU.Build.0 = Debug|Any CPU
		{A2F71F87-E1A9-4A47-9A6F-AE00CE805BFE}.Debug|x64.ActiveCfg = Debug|Any CPU
		{A2F71F87-E1A9-4A47-9A6F-AE00CE805BFE}.Debug|x64.Build.0 = Debug|Any CPU
		{A2F71F87-E1A9-4A47-9A6F-AE00CE805BFE}.Debug|x86.ActiveCfg = Debug|Any CPU
		{A2F71F87-E1A9-4A47-9A6F-AE00CE805BFE}.Debug|x86.Build.0 = Debug|Any CPU
		{A2F71F87-E1A9-4A47-9A6F-AE00CE805BFE}.Release|Any CPU.ActiveCfg = Release|Any CPU
		{A2F71F87-E1A9-4A47-9A6F-AE00CE805BFE}.Release|Any CPU.Build.0 = Release|Any CPU
		{A2F71F87-E1A9-4A47-9A6F-AE00CE805BFE}.Release|x64.ActiveCfg = Release|Any CPU
		{A2F71F87-E1A9-4A47-9A6F-AE00CE805BFE}.Release|x64.Build.0 = Release|Any CPU
		{A2F71F87-E1A9-4A47-9A6F-AE00CE805BFE}.Release|x86.ActiveCfg = Release|Any CPU
		{A2F71F87-E1A9-4A47-9A6F-AE00CE805BFE}.Release|x86.Build.0 = Release|Any CPU
		{D5E688D1-D5D5-4A17-BD5B-7E6FDAD3BC6D}.Debug|Any CPU.ActiveCfg = Debug|Any CPU
		{D5E688D1-D5D5-4A17-BD5B-7E6FDAD3BC6D}.Debug|Any CPU.Build.0 = Debug|Any CPU
		{D5E688D1-D5D5-4A17-BD5B-7E6FDAD3BC6D}.Debug|x64.ActiveCfg = Debug|Any CPU
		{D5E688D1-D5D5-4A17-BD5B-7E6FDAD3BC6D}.Debug|x64.Build.0 = Debug|Any CPU
		{D5E688D1-D5D5-4A17-BD5B-7E6FDAD3BC6D}.Debug|x86.ActiveCfg = Debug|Any CPU
		{D5E688D1-D5D5-4A17-BD5B-7E6FDAD3BC6D}.Debug|x86.Build.0 = Debug|Any CPU
		{D5E688D1-D5D5-4A17-BD5B-7E6FDAD3BC6D}.Release|Any CPU.ActiveCfg = Release|Any CPU
		{D5E688D1-D5D5-4A17-BD5B-7E6FDAD3BC6D}.Release|Any CPU.Build.0 = Release|Any CPU
		{D5E688D1-D5D5-4A17-BD5B-7E6FDAD3BC6D}.Release|x64.ActiveCfg = Release|Any CPU
		{D5E688D1-D5D5-4A17-BD5B-7E6FDAD3BC6D}.Release|x64.Build.0 = Release|Any CPU
		{D5E688D1-D5D5-4A17-BD5B-7E6FDAD3BC6D}.Release|x86.ActiveCfg = Release|Any CPU
		{D5E688D1-D5D5-4A17-BD5B-7E6FDAD3BC6D}.Release|x86.Build.0 = Release|Any CPU
		{D2C37092-59B7-4A5C-A6D8-A4C4A5CAC1F0}.Debug|Any CPU.ActiveCfg = Debug|Any CPU
		{D2C37092-59B7-4A5C-A6D8-A4C4A5CAC1F0}.Debug|Any CPU.Build.0 = Debug|Any CPU
		{D2C37092-59B7-4A5C-A6D8-A4C4A5CAC1F0}.Debug|x64.ActiveCfg = Debug|Any CPU
		{D2C37092-59B7-4A5C-A6D8-A4C4A5CAC1F0}.Debug|x64.Build.0 = Debug|Any CPU
		{D2C37092-59B7-4A5C-A6D8-A4C4A5CAC1F0}.Debug|x86.ActiveCfg = Debug|Any CPU
		{D2C37092-59B7-4A5C-A6D8-A4C4A5CAC1F0}.Debug|x86.Build.0 = Debug|Any CPU
		{D2C37092-59B7-4A5C-A6D8-A4C4A5CAC1F0}.Release|Any CPU.ActiveCfg = Release|Any CPU
		{D2C37092-59B7-4A5C-A6D8-A4C4A5CAC1F0}.Release|Any CPU.Build.0 = Release|Any CPU
		{D2C37092-59B7-4A5C-A6D8-A4C4A5CAC1F0}.Release|x64.ActiveCfg = Release|Any CPU
		{D2C37092-59B7-4A5C-A6D8-A4C4A5CAC1F0}.Release|x64.Build.0 = Release|Any CPU
		{D2C37092-59B7-4A5C-A6D8-A4C4A5CAC1F0}.Release|x86.ActiveCfg = Release|Any CPU
		{D2C37092-59B7-4A5C-A6D8-A4C4A5CAC1F0}.Release|x86.Build.0 = Release|Any CPU
		{A7BCD1F2-180F-4188-940B-6BE525AB5607}.Debug|Any CPU.ActiveCfg = Debug|Any CPU
		{A7BCD1F2-180F-4188-940B-6BE525AB5607}.Debug|Any CPU.Build.0 = Debug|Any CPU
		{A7BCD1F2-180F-4188-940B-6BE525AB5607}.Debug|x64.ActiveCfg = Debug|Any CPU
		{A7BCD1F2-180F-4188-940B-6BE525AB5607}.Debug|x64.Build.0 = Debug|Any CPU
		{A7BCD1F2-180F-4188-940B-6BE525AB5607}.Debug|x86.ActiveCfg = Debug|Any CPU
		{A7BCD1F2-180F-4188-940B-6BE525AB5607}.Debug|x86.Build.0 = Debug|Any CPU
		{A7BCD1F2-180F-4188-940B-6BE525AB5607}.Release|Any CPU.ActiveCfg = Release|Any CPU
		{A7BCD1F2-180F-4188-940B-6BE525AB5607}.Release|Any CPU.Build.0 = Release|Any CPU
		{A7BCD1F2-180F-4188-940B-6BE525AB5607}.Release|x64.ActiveCfg = Release|Any CPU
		{A7BCD1F2-180F-4188-940B-6BE525AB5607}.Release|x64.Build.0 = Release|Any CPU
		{A7BCD1F2-180F-4188-940B-6BE525AB5607}.Release|x86.ActiveCfg = Release|Any CPU
		{A7BCD1F2-180F-4188-940B-6BE525AB5607}.Release|x86.Build.0 = Release|Any CPU
	EndGlobalSection
EndGlobal
